
Microsoft Visual Studio Solution File, Format Version 12.00
# Visual Studio Version 17
VisualStudioVersion = 17.4.33205.214
MinimumVisualStudioVersion = 10.0.40219.1
Project("{FAE04EC0-301F-11D3-BF4B-00C04F79EFBC}") = "ChessApi", "ChessApi.csproj", "{849DF2F5-C0D7-4189-BB04-8AA74D1B9F9E}"
EndProject
Global
	GlobalSection(SolutionConfigurationPlatforms) = preSolution
		Debug|Any CPU = Debug|Any CPU
		Release|Any CPU = Release|Any CPU
	EndGlobalSection
	GlobalSection(ProjectConfigurationPlatforms) = postSolution
		{849DF2F5-C0D7-4189-BB04-8AA74D1B9F9E}.Debug|Any CPU.ActiveCfg = Debug|Any CPU
		{849DF2F5-C0D7-4189-BB04-8AA74D1B9F9E}.Debug|Any CPU.Build.0 = Debug|Any CPU
		{849DF2F5-C0D7-4189-BB04-8AA74D1B9F9E}.Release|Any CPU.ActiveCfg = Release|Any CPU
		{849DF2F5-C0D7-4189-BB04-8AA74D1B9F9E}.Release|Any CPU.Build.0 = Release|Any CPU
	EndGlobalSection
	GlobalSection(SolutionProperties) = preSolution
		HideSolutionNode = FALSE
	EndGlobalSection
	GlobalSection(ExtensibilityGlobals) = postSolution
		SolutionGuid = {6122A7D4-1580-4C97-B0D2-7A9FEA9763B8}
	EndGlobalSection
EndGlobal
